
Microsoft Visual Studio Solution File, Format Version 12.00
# Visual Studio 15
VisualStudioVersion = 15.0.28307.271
MinimumVisualStudioVersion = 10.0.40219.1
Project("{FAE04EC0-301F-11D3-BF4B-00C04F79EFBC}") = "HaliteBot", "HaliteBot\HaliteBot.csproj", "{A3817AA0-0003-4F57-8E45-8F193CEA4E2B}"
EndProject
Global
	GlobalSection(SolutionConfigurationPlatforms) = preSolution
		Debug|Any CPU = Debug|Any CPU
		Release|Any CPU = Release|Any CPU
	EndGlobalSection
	GlobalSection(ProjectConfigurationPlatforms) = postSolution
		{A3817AA0-0003-4F57-8E45-8F193CEA4E2B}.Debug|Any CPU.ActiveCfg = Debug|Any CPU
		{A3817AA0-0003-4F57-8E45-8F193CEA4E2B}.Debug|Any CPU.Build.0 = Debug|Any CPU
		{A3817AA0-0003-4F57-8E45-8F193CEA4E2B}.Release|Any CPU.ActiveCfg = Release|Any CPU
		{A3817AA0-0003-4F57-8E45-8F193CEA4E2B}.Release|Any CPU.Build.0 = Release|Any CPU
	EndGlobalSection
	GlobalSection(SolutionProperties) = preSolution
		HideSolutionNode = FALSE
	EndGlobalSection
	GlobalSection(ExtensibilityGlobals) = postSolution
		SolutionGuid = {27B8A62A-6B5C-4AEE-93B7-2B29A676AA37}
	EndGlobalSection
EndGlobal
